PODS:
  - Alamofire (4.8.1)
  - KeychainAccess (3.1.2)
  - Kingfisher (5.1.1)
  - Swinject (2.5.0)

DEPENDENCIES:
  - Alamofire (~> 4.8)
  - KeychainAccess (~> 3.1)
  - Kingfisher (~> 5.1)
  - Swinject (~> 2.5)

SPEC REPOS:
  https://github.com/cocoapods/specs.git:
    - Alamofire
    - KeychainAccess
    - Kingfisher
    - Swinject

SPEC CHECKSUMS:
  Alamofire: 16ce2c353fb72865124ddae8a57c5942388f4f11
  KeychainAccess: b3816fddcf28aa29d94b10ec305cd52be14c472b
  Kingfisher: 2558186963e5be42d98c5b110ccb3130148b77e4
  Swinject: 82cdb851f63f91bba974e3eca1d69780f2f7677e

PODFILE CHECKSUM: bf7bb1635871fed55ba7615c40571c7e936d2265

COCOAPODS: 1.5.3
