// !$*UTF8*$!
{
	archiveVersion = 1;
	classes = {
	};
	objectVersion = 50;
	objects = {

/* Begin PBXBuildFile section */
		7A18BD9822085B67000C6417 /* AppConfig.swift in Sources */ = {isa = PBXBuildFile; fileRef = 7A18BD9722085B67000C6417 /* AppConfig.swift */; };
		7AAE10FC22086F49005E82DE /* AbstractCoordinator.swift in Sources */ = {isa = PBXBuildFile; fileRef = 7AAE10FB22086F49005E82DE /* AbstractCoordinator.swift */; };
		7AAE110122086FCE005E82DE /* MainCoordinator.swift in Sources */ = {isa = PBXBuildFile; fileRef = 7AAE110022086FCE005E82DE /* MainCoordinator.swift */; };
		7AAE11032208706B005E82DE /* AppCoordinator.swift in Sources */ = {isa = PBXBuildFile; fileRef = 7AAE11022208706B005E82DE /* AppCoordinator.swift */; };
		7AAE1105220872E4005E82DE /* AuthCoordinator.swift in Sources */ = {isa = PBXBuildFile; fileRef = 7AAE1104220872E4005E82DE /* AuthCoordinator.swift */; };
		7AAE110922088C47005E82DE /* Auth.storyboard in Resources */ = {isa = PBXBuildFile; fileRef = 7AAE110822088C47005E82DE /* Auth.storyboard */; };
		7AAE110B22088C86005E82DE /* AuthViewController.swift in Sources */ = {isa = PBXBuildFile; fileRef = 7AAE110A22088C86005E82DE /* AuthViewController.swift */; };
		7AAE110E22088E6F005E82DE /* UIStoryboard.swift in Sources */ = {isa = PBXBuildFile; fileRef = 7AAE110D22088E6F005E82DE /* UIStoryboard.swift */; };
		7AAE111022088EB0005E82DE /* Identifable.swift in Sources */ = {isa = PBXBuildFile; fileRef = 7AAE110F22088EB0005E82DE /* Identifable.swift */; };
		7AAE111222088EDC005E82DE /* UIViewController.swift in Sources */ = {isa = PBXBuildFile; fileRef = 7AAE111122088EDC005E82DE /* UIViewController.swift */; };
		7AAE111422095A06005E82DE /* AuthPresenter.swift in Sources */ = {isa = PBXBuildFile; fileRef = 7AAE111322095A06005E82DE /* AuthPresenter.swift */; };
		7AF867412208150E007B7A8F /* AppDelegate.swift in Sources */ = {isa = PBXBuildFile; fileRef = 7AF867402208150E007B7A8F /* AppDelegate.swift */; };
		7AF867482208150F007B7A8F /* Assets.xcassets in Resources */ = {isa = PBXBuildFile; fileRef = 7AF867472208150F007B7A8F /* Assets.xcassets */; };
		7AF8674B2208150F007B7A8F /* LaunchScreen.storyboard in Resources */ = {isa = PBXBuildFile; fileRef = 7AF867492208150F007B7A8F /* LaunchScreen.storyboard */; };
/* End PBXBuildFile section */

/* Begin PBXFileReference section */
		7A18BD9722085B67000C6417 /* AppConfig.swift */ = {isa = PBXFileReference; lastKnownFileType = sourcecode.swift; path = AppConfig.swift; sourceTree = "<group>"; };
		7AAE10FB22086F49005E82DE /* AbstractCoordinator.swift */ = {isa = PBXFileReference; fileEncoding = 4; lastKnownFileType = sourcecode.swift; path = AbstractCoordinator.swift; sourceTree = "<group>"; };
		7AAE110022086FCE005E82DE /* MainCoordinator.swift */ = {isa = PBXFileReference; lastKnownFileType = sourcecode.swift; path = MainCoordinator.swift; sourceTree = "<group>"; };
		7AAE11022208706B005E82DE /* AppCoordinator.swift */ = {isa = PBXFileReference; lastKnownFileType = sourcecode.swift; path = AppCoordinator.swift; sourceTree = "<group>"; };
		7AAE1104220872E4005E82DE /* AuthCoordinator.swift */ = {isa = PBXFileReference; lastKnownFileType = sourcecode.swift; path = AuthCoordinator.swift; sourceTree = "<group>"; };
		7AAE110822088C47005E82DE /* Auth.storyboard */ = {isa = PBXFileReference; lastKnownFileType = file.storyboard; path = Auth.storyboard; sourceTree = "<group>"; };
		7AAE110A22088C86005E82DE /* AuthViewController.swift */ = {isa = PBXFileReference; lastKnownFileType = sourcecode.swift; path = AuthViewController.swift; sourceTree = "<group>"; };
		7AAE110D22088E6F005E82DE /* UIStoryboard.swift */ = {isa = PBXFileReference; lastKnownFileType = sourcecode.swift; path = UIStoryboard.swift; sourceTree = "<group>"; };
		7AAE110F22088EB0005E82DE /* Identifable.swift */ = {isa = PBXFileReference; fileEncoding = 4; lastKnownFileType = sourcecode.swift; path = Identifable.swift; sourceTree = "<group>"; };
		7AAE111122088EDC005E82DE /* UIViewController.swift */ = {isa = PBXFileReference; lastKnownFileType = sourcecode.swift; path = UIViewController.swift; sourceTree = "<group>"; };
		7AAE111322095A06005E82DE /* AuthPresenter.swift */ = {isa = PBXFileReference; lastKnownFileType = sourcecode.swift; path = AuthPresenter.swift; sourceTree = "<group>"; };
		7AF8673D2208150E007B7A8F /* VK.app */ = {isa = PBXFileReference; explicitFileType = wrapper.application; includeInIndex = 0; path = VK.app; sourceTree = BUILT_PRODUCTS_DIR; };
		7AF867402208150E007B7A8F /* AppDelegate.swift */ = {isa = PBXFileReference; lastKnownFileType = sourcecode.swift; path = AppDelegate.swift; sourceTree = "<group>"; };
		7AF867472208150F007B7A8F /* Assets.xcassets */ = {isa = PBXFileReference; lastKnownFileType = folder.assetcatalog; path = Assets.xcassets; sourceTree = "<group>"; };
		7AF8674A2208150F007B7A8F /* Base */ = {isa = PBXFileReference; lastKnownFileType = file.storyboard; name = Base; path = Base.lproj/LaunchScreen.storyboard; sourceTree = "<group>"; };
		7AF8674C2208150F007B7A8F /* Info.plist */ = {isa = PBXFileReference; lastKnownFileType = text.plist.xml; path = Info.plist; sourceTree = "<group>"; };
/* End PBXFileReference section */

/* Begin PBXFrameworksBuildPhase section */
		7AF8673A2208150E007B7A8F /* Frameworks */ = {
			isa = PBXFrameworksBuildPhase;
			buildActionMask = 2147483647;
			files = (
			);
			runOnlyForDeploymentPostprocessing = 0;
		};
/* End PBXFrameworksBuildPhase section */

/* Begin PBXGroup section */
		7A18BD93220858A5000C6417 /* Resources */ = {
			isa = PBXGroup;
			children = (
				7AF867472208150F007B7A8F /* Assets.xcassets */,
				7AF867492208150F007B7A8F /* LaunchScreen.storyboard */,
				7AF8674C2208150F007B7A8F /* Info.plist */,
				7A18BD9722085B67000C6417 /* AppConfig.swift */,
			);
			path = Resources;
			sourceTree = "<group>";
		};
		7A18BD94220858DC000C6417 /* AppDelegate */ = {
			isa = PBXGroup;
			children = (
				7AF867402208150E007B7A8F /* AppDelegate.swift */,
				7AAE11022208706B005E82DE /* AppCoordinator.swift */,
			);
			path = AppDelegate;
			sourceTree = "<group>";
		};
		7A18BD95220858EB000C6417 /* Flow */ = {
			isa = PBXGroup;
			children = (
				7AAE110722088C2B005E82DE /* Auth */,
				7AAE110022086FCE005E82DE /* MainCoordinator.swift */,
			);
			path = Flow;
			sourceTree = "<group>";
		};
		7A18BD9622085972000C6417 /* Core */ = {
			isa = PBXGroup;
			children = (
				7AAE110F22088EB0005E82DE /* Identifable.swift */,
				7AAE110C22088E5B005E82DE /* Extensions */,
				7AAE10FA22086F33005E82DE /* Navigation */,
			);
			path = Core;
			sourceTree = "<group>";
		};
		7AAE10FA22086F33005E82DE /* Navigation */ = {
			isa = PBXGroup;
			children = (
				7AAE10FB22086F49005E82DE /* AbstractCoordinator.swift */,
			);
			path = Navigation;
			sourceTree = "<group>";
		};
		7AAE110722088C2B005E82DE /* Auth */ = {
			isa = PBXGroup;
			children = (
				7AAE110822088C47005E82DE /* Auth.storyboard */,
				7AAE110A22088C86005E82DE /* AuthViewController.swift */,
				7AAE111322095A06005E82DE /* AuthPresenter.swift */,
				7AAE1104220872E4005E82DE /* AuthCoordinator.swift */,
			);
			path = Auth;
			sourceTree = "<group>";
		};
		7AAE110C22088E5B005E82DE /* Extensions */ = {
			isa = PBXGroup;
			children = (
				7AAE110D22088E6F005E82DE /* UIStoryboard.swift */,
				7AAE111122088EDC005E82DE /* UIViewController.swift */,
			);
			path = Extensions;
			sourceTree = "<group>";
		};
		7AF867342208150E007B7A8F = {
			isa = PBXGroup;
			children = (
				7AF8673F2208150E007B7A8F /* VK */,
				7AF8673E2208150E007B7A8F /* Products */,
			);
			sourceTree = "<group>";
		};
		7AF8673E2208150E007B7A8F /* Products */ = {
			isa = PBXGroup;
			children = (
				7AF8673D2208150E007B7A8F /* VK.app */,
			);
			name = Products;
			sourceTree = "<group>";
		};
		7AF8673F2208150E007B7A8F /* VK */ = {
			isa = PBXGroup;
			children = (
				7A18BD94220858DC000C6417 /* AppDelegate */,
				7A18BD95220858EB000C6417 /* Flow */,
				7A18BD9622085972000C6417 /* Core */,
				7A18BD93220858A5000C6417 /* Resources */,
			);
			path = VK;
			sourceTree = "<group>";
		};
/* End PBXGroup section */

/* Begin PBXNativeTarget section */
		7AF8673C2208150E007B7A8F /* VK */ = {
			isa = PBXNativeTarget;
			buildConfigurationList = 7AF8674F2208150F007B7A8F /* Build configuration list for PBXNativeTarget "VK" */;
			buildPhases = (
				7AF867392208150E007B7A8F /* Sources */,
				7AF8673A2208150E007B7A8F /* Frameworks */,
				7AF8673B2208150E007B7A8F /* Resources */,
			);
			buildRules = (
			);
			dependencies = (
			);
			name = VK;
			productName = VK;
			productReference = 7AF8673D2208150E007B7A8F /* VK.app */;
			productType = "com.apple.product-type.application";
		};
/* End PBXNativeTarget section */

/* Begin PBXProject section */
		7AF867352208150E007B7A8F /* Project object */ = {
			isa = PBXProject;
			attributes = {
				LastSwiftUpdateCheck = 1010;
				LastUpgradeCheck = 1010;
				ORGANIZATIONNAME = "Евгений Бижанов";
				TargetAttributes = {
					7AF8673C2208150E007B7A8F = {
						CreatedOnToolsVersion = 10.1;
					};
				};
			};
			buildConfigurationList = 7AF867382208150E007B7A8F /* Build configuration list for PBXProject "VK" */;
			compatibilityVersion = "Xcode 9.3";
			developmentRegion = en;
			hasScannedForEncodings = 0;
			knownRegions = (
				en,
				Base,
			);
			mainGroup = 7AF867342208150E007B7A8F;
			productRefGroup = 7AF8673E2208150E007B7A8F /* Products */;
			projectDirPath = "";
			projectRoot = "";
			targets = (
				7AF8673C2208150E007B7A8F /* VK */,
			);
		};
/* End PBXProject section */

/* Begin PBXResourcesBuildPhase section */
		7AF8673B2208150E007B7A8F /* Resources */ = {
			isa = PBXResourcesBuildPhase;
			buildActionMask = 2147483647;
			files = (
				7AAE110922088C47005E82DE /* Auth.storyboard in Resources */,
				7AF8674B2208150F007B7A8F /* LaunchScreen.storyboard in Resources */,
				7AF867482208150F007B7A8F /* Assets.xcassets in Resources */,
			);
			runOnlyForDeploymentPostprocessing = 0;
		};
/* End PBXResourcesBuildPhase section */

/* Begin PBXSourcesBuildPhase section */
		7AF867392208150E007B7A8F /* Sources */ = {
			isa = PBXSourcesBuildPhase;
			buildActionMask = 2147483647;
			files = (
				7AF867412208150E007B7A8F /* AppDelegate.swift in Sources */,
				7AAE110122086FCE005E82DE /* MainCoordinator.swift in Sources */,
				7AAE11032208706B005E82DE /* AppCoordinator.swift in Sources */,
				7AAE110B22088C86005E82DE /* AuthViewController.swift in Sources */,
				7AAE111222088EDC005E82DE /* UIViewController.swift in Sources */,
				7AAE111422095A06005E82DE /* AuthPresenter.swift in Sources */,
				7AAE110E22088E6F005E82DE /* UIStoryboard.swift in Sources */,
				7AAE111022088EB0005E82DE /* Identifable.swift in Sources */,
				7A18BD9822085B67000C6417 /* AppConfig.swift in Sources */,
				7AAE1105220872E4005E82DE /* AuthCoordinator.swift in Sources */,
				7AAE10FC22086F49005E82DE /* AbstractCoordinator.swift in Sources */,
			);
			runOnlyForDeploymentPostprocessing = 0;
		};
/* End PBXSourcesBuildPhase section */

/* Begin PBXVariantGroup section */
		7AF867492208150F007B7A8F /* LaunchScreen.storyboard */ = {
			isa = PBXVariantGroup;
			children = (
				7AF8674A2208150F007B7A8F /* Base */,
			);
			name = LaunchScreen.storyboard;
			sourceTree = "<group>";
		};
/* End PBXVariantGroup section */

/* Begin XCBuildConfiguration section */
		7AF8674D2208150F007B7A8F /* Debug */ = {
			isa = XCBuildConfiguration;
			buildSettings = {
				ALWAYS_SEARCH_USER_PATHS = NO;
				CLANG_ANALYZER_NONNULL = YES;
				CLANG_ANALYZER_NUMBER_OBJECT_CONVERSION = YES_AGGRESSIVE;
				CLANG_CXX_LANGUAGE_STANDARD = "gnu++14";
				CLANG_CXX_LIBRARY = "libc++";
				CLANG_ENABLE_MODULES = YES;
				CLANG_ENABLE_OBJC_ARC = YES;
				CLANG_ENABLE_OBJC_WEAK = YES;
				CLANG_WARN_BLOCK_CAPTURE_AUTORELEASING = YES;
				CLANG_WARN_BOOL_CONVERSION = YES;
				CLANG_WARN_COMMA = YES;
				CLANG_WARN_CONSTANT_CONVERSION = YES;
				CLANG_WARN_DEPRECATED_OBJC_IMPLEMENTATIONS = YES;
				CLANG_WARN_DIRECT_OBJC_ISA_USAGE = YES_ERROR;
				CLANG_WARN_DOCUMENTATION_COMMENTS = YES;
				CLANG_WARN_EMPTY_BODY = YES;
				CLANG_WARN_ENUM_CONVERSION = YES;
				CLANG_WARN_INFINITE_RECURSION = YES;
				CLANG_WARN_INT_CONVERSION = YES;
				CLANG_WARN_NON_LITERAL_NULL_CONVERSION = YES;
				CLANG_WARN_OBJC_IMPLICIT_RETAIN_SELF = YES;
				CLANG_WARN_OBJC_LITERAL_CONVERSION = YES;
				CLANG_WARN_OBJC_ROOT_CLASS = YES_ERROR;
				CLANG_WARN_RANGE_LOOP_ANALYSIS = YES;
				CLANG_WARN_STRICT_PROTOTYPES = YES;
				CLANG_WARN_SUSPICIOUS_MOVE = YES;
				CLANG_WARN_UNGUARDED_AVAILABILITY = YES_AGGRESSIVE;
				CLANG_WARN_UNREACHABLE_CODE = YES;
				CLANG_WARN__DUPLICATE_METHOD_MATCH = YES;
				CODE_SIGN_IDENTITY = "iPhone Developer";
				COPY_PHASE_STRIP = NO;
				DEBUG_INFORMATION_FORMAT = dwarf;
				ENABLE_STRICT_OBJC_MSGSEND = YES;
				ENABLE_TESTABILITY = YES;
				GCC_C_LANGUAGE_STANDARD = gnu11;
				GCC_DYNAMIC_NO_PIC = NO;
				GCC_NO_COMMON_BLOCKS = YES;
				GCC_OPTIMIZATION_LEVEL = 0;
				GCC_PREPROCESSOR_DEFINITIONS = (
					"DEBUG=1",
					"$(inherited)",
				);
				GCC_WARN_64_TO_32_BIT_CONVERSION = YES;
				GCC_WARN_ABOUT_RETURN_TYPE = YES_ERROR;
				GCC_WARN_UNDECLARED_SELECTOR = YES;
				GCC_WARN_UNINITIALIZED_AUTOS = YES_AGGRESSIVE;
				GCC_WARN_UNUSED_FUNCTION = YES;
				GCC_WARN_UNUSED_VARIABLE = YES;
				IPHONEOS_DEPLOYMENT_TARGET = 12.1;
				MTL_ENABLE_DEBUG_INFO = INCLUDE_SOURCE;
				MTL_FAST_MATH = YES;
				ONLY_ACTIVE_ARCH = YES;
				SDKROOT = iphoneos;
				SWIFT_ACTIVE_COMPILATION_CONDITIONS = DEBUG;
				SWIFT_OPTIMIZATION_LEVEL = "-Onone";
			};
			name = Debug;
		};
		7AF8674E2208150F007B7A8F /* Release */ = {
			isa = XCBuildConfiguration;
			buildSettings = {
				ALWAYS_SEARCH_USER_PATHS = NO;
				CLANG_ANALYZER_NONNULL = YES;
				CLANG_ANALYZER_NUMBER_OBJECT_CONVERSION = YES_AGGRESSIVE;
				CLANG_CXX_LANGUAGE_STANDARD = "gnu++14";
				CLANG_CXX_LIBRARY = "libc++";
				CLANG_ENABLE_MODULES = YES;
				CLANG_ENABLE_OBJC_ARC = YES;
				CLANG_ENABLE_OBJC_WEAK = YES;
				CLANG_WARN_BLOCK_CAPTURE_AUTORELEASING = YES;
				CLANG_WARN_BOOL_CONVERSION = YES;
				CLANG_WARN_COMMA = YES;
				CLANG_WARN_CONSTANT_CONVERSION = YES;
				CLANG_WARN_DEPRECATED_OBJC_IMPLEMENTATIONS = YES;
				CLANG_WARN_DIRECT_OBJC_ISA_USAGE = YES_ERROR;
				CLANG_WARN_DOCUMENTATION_COMMENTS = YES;
				CLANG_WARN_EMPTY_BODY = YES;
				CLANG_WARN_ENUM_CONVERSION = YES;
				CLANG_WARN_INFINITE_RECURSION = YES;
				CLANG_WARN_INT_CONVERSION = YES;
				CLANG_WARN_NON_LITERAL_NULL_CONVERSION = YES;
				CLANG_WARN_OBJC_IMPLICIT_RETAIN_SELF = YES;
				CLANG_WARN_OBJC_LITERAL_CONVERSION = YES;
				CLANG_WARN_OBJC_ROOT_CLASS = YES_ERROR;
				CLANG_WARN_RANGE_LOOP_ANALYSIS = YES;
				CLANG_WARN_STRICT_PROTOTYPES = YES;
				CLANG_WARN_SUSPICIOUS_MOVE = YES;
				CLANG_WARN_UNGUARDED_AVAILABILITY = YES_AGGRESSIVE;
				CLANG_WARN_UNREACHABLE_CODE = YES;
				CLANG_WARN__DUPLICATE_METHOD_MATCH = YES;
				CODE_SIGN_IDENTITY = "iPhone Developer";
				COPY_PHASE_STRIP = NO;
				DEBUG_INFORMATION_FORMAT = "dwarf-with-dsym";
				ENABLE_NS_ASSERTIONS = NO;
				ENABLE_STRICT_OBJC_MSGSEND = YES;
				GCC_C_LANGUAGE_STANDARD = gnu11;
				GCC_NO_COMMON_BLOCKS = YES;
				GCC_WARN_64_TO_32_BIT_CONVERSION = YES;
				GCC_WARN_ABOUT_RETURN_TYPE = YES_ERROR;
				GCC_WARN_UNDECLARED_SELECTOR = YES;
				GCC_WARN_UNINITIALIZED_AUTOS = YES_AGGRESSIVE;
				GCC_WARN_UNUSED_FUNCTION = YES;
				GCC_WARN_UNUSED_VARIABLE = YES;
				IPHONEOS_DEPLOYMENT_TARGET = 12.1;
				MTL_ENABLE_DEBUG_INFO = NO;
				MTL_FAST_MATH = YES;
				SDKROOT = iphoneos;
				SWIFT_COMPILATION_MODE = wholemodule;
				SWIFT_OPTIMIZATION_LEVEL = "-O";
				VALIDATE_PRODUCT = YES;
			};
			name = Release;
		};
		7AF867502208150F007B7A8F /* Debug */ = {
			isa = XCBuildConfiguration;
			buildSettings = {
				ASSETCATALOG_COMPILER_APPICON_NAME = AppIcon;
				CODE_SIGN_STYLE = Automatic;
				DEVELOPMENT_TEAM = 6TZ3MZ977X;
				INFOPLIST_FILE = VK/Resources/Info.plist;
				LD_RUNPATH_SEARCH_PATHS = (
					"$(inherited)",
					"@executable_path/Frameworks",
				);
				PRODUCT_BUNDLE_IDENTIFIER = com.bizhanov.VK;
				PRODUCT_NAME = "$(TARGET_NAME)";
				SWIFT_VERSION = 4.2;
				TARGETED_DEVICE_FAMILY = "1,2";
			};
			name = Debug;
		};
		7AF867512208150F007B7A8F /* Release */ = {
			isa = XCBuildConfiguration;
			buildSettings = {
				ASSETCATALOG_COMPILER_APPICON_NAME = AppIcon;
				CODE_SIGN_STYLE = Automatic;
				DEVELOPMENT_TEAM = 6TZ3MZ977X;
				INFOPLIST_FILE = VK/Resources/Info.plist;
				LD_RUNPATH_SEARCH_PATHS = (
					"$(inherited)",
					"@executable_path/Frameworks",
				);
				PRODUCT_BUNDLE_IDENTIFIER = com.bizhanov.VK;
				PRODUCT_NAME = "$(TARGET_NAME)";
				SWIFT_VERSION = 4.2;
				TARGETED_DEVICE_FAMILY = "1,2";
			};
			name = Release;
		};
/* End XCBuildConfiguration section */

/* Begin XCConfigurationList section */
		7AF867382208150E007B7A8F /* Build configuration list for PBXProject "VK" */ = {
			isa = XCConfigurationList;
			buildConfigurations = (
				7AF8674D2208150F007B7A8F /* Debug */,
				7AF8674E2208150F007B7A8F /* Release */,
			);
			defaultConfigurationIsVisible = 0;
			defaultConfigurationName = Release;
		};
		7AF8674F2208150F007B7A8F /* Build configuration list for PBXNativeTarget "VK" */ = {
			isa = XCConfigurationList;
			buildConfigurations = (
				7AF867502208150F007B7A8F /* Debug */,
				7AF867512208150F007B7A8F /* Release */,
			);
			defaultConfigurationIsVisible = 0;
			defaultConfigurationName = Release;
		};
/* End XCConfigurationList section */
	};
	rootObject = 7AF867352208150E007B7A8F /* Project object */;
}
