// !$*UTF8*$!
{
	archiveVersion = 1;
	classes = {
	};
	objectVersion = 50;
	objects = {

/* Begin PBXBuildFile section */
		5AADD2ED5FAB7BDAD76170ED /* Pods_VK.framework in Frameworks */ = {isa = PBXBuildFile; fileRef = 6673ED0101616AC1AB865514 /* Pods_VK.framework */; };
		7A0117B0220C940400F02008 /* ResponseCodable.swift in Sources */ = {isa = PBXBuildFile; fileRef = 7A0117AF220C940400F02008 /* ResponseCodable.swift */; };
		7A0117B2220C976200F02008 /* AbstractRequestManager.swift in Sources */ = {isa = PBXBuildFile; fileRef = 7A0117B1220C976200F02008 /* AbstractRequestManager.swift */; };
		7A0117B7220C994500F02008 /* RequestManager.swift in Sources */ = {isa = PBXBuildFile; fileRef = 7A0117B5220C994500F02008 /* RequestManager.swift */; };
		7A0117BC220D850800F02008 /* Friends.swift in Sources */ = {isa = PBXBuildFile; fileRef = 7A0117BB220D850800F02008 /* Friends.swift */; };
		7A0117BE220D87DC00F02008 /* FriendsRequestManager.swift in Sources */ = {isa = PBXBuildFile; fileRef = 7A0117BD220D87DC00F02008 /* FriendsRequestManager.swift */; };
		7A0117C4220D9E9800F02008 /* ProfilePresenter.swift in Sources */ = {isa = PBXBuildFile; fileRef = 7A0117C3220D9E9800F02008 /* ProfilePresenter.swift */; };
		7A0117C6220DA4A600F02008 /* ProfileAssembler.swift in Sources */ = {isa = PBXBuildFile; fileRef = 7A0117C5220DA4A600F02008 /* ProfileAssembler.swift */; };
		7A0117C8220DA5B300F02008 /* RequestFactoryHelper.swift in Sources */ = {isa = PBXBuildFile; fileRef = 7A0117C7220DA5B300F02008 /* RequestFactoryHelper.swift */; };
		7A0117CB220DA79F00F02008 /* NetworkingAssembler.swift in Sources */ = {isa = PBXBuildFile; fileRef = 7A0117CA220DA79F00F02008 /* NetworkingAssembler.swift */; };
		7A0117CD220DAAE900F02008 /* ProfileModuleBuilder.swift in Sources */ = {isa = PBXBuildFile; fileRef = 7A0117CC220DAAE900F02008 /* ProfileModuleBuilder.swift */; };
		7A18BD9822085B67000C6417 /* AppConfig.swift in Sources */ = {isa = PBXBuildFile; fileRef = 7A18BD9722085B67000C6417 /* AppConfig.swift */; };
		7AAE10FC22086F49005E82DE /* AbstractCoordinator.swift in Sources */ = {isa = PBXBuildFile; fileRef = 7AAE10FB22086F49005E82DE /* AbstractCoordinator.swift */; };
		7AAE110122086FCE005E82DE /* ProfileCoordinator.swift in Sources */ = {isa = PBXBuildFile; fileRef = 7AAE110022086FCE005E82DE /* ProfileCoordinator.swift */; };
		7AAE11032208706B005E82DE /* AppCoordinator.swift in Sources */ = {isa = PBXBuildFile; fileRef = 7AAE11022208706B005E82DE /* AppCoordinator.swift */; };
		7AAE1105220872E4005E82DE /* AuthCoordinator.swift in Sources */ = {isa = PBXBuildFile; fileRef = 7AAE1104220872E4005E82DE /* AuthCoordinator.swift */; };
		7AAE110922088C47005E82DE /* Auth.storyboard in Resources */ = {isa = PBXBuildFile; fileRef = 7AAE110822088C47005E82DE /* Auth.storyboard */; };
		7AAE110B22088C86005E82DE /* AuthViewController.swift in Sources */ = {isa = PBXBuildFile; fileRef = 7AAE110A22088C86005E82DE /* AuthViewController.swift */; };
		7AAE110E22088E6F005E82DE /* UIStoryboard.swift in Sources */ = {isa = PBXBuildFile; fileRef = 7AAE110D22088E6F005E82DE /* UIStoryboard.swift */; };
		7AAE111022088EB0005E82DE /* Identifable.swift in Sources */ = {isa = PBXBuildFile; fileRef = 7AAE110F22088EB0005E82DE /* Identifable.swift */; };
		7AAE111222088EDC005E82DE /* UIViewController.swift in Sources */ = {isa = PBXBuildFile; fileRef = 7AAE111122088EDC005E82DE /* UIViewController.swift */; };
		7AAE111422095A06005E82DE /* AuthPresenter.swift in Sources */ = {isa = PBXBuildFile; fileRef = 7AAE111322095A06005E82DE /* AuthPresenter.swift */; };
		7AAE111922096324005E82DE /* RequestRouter.swift in Sources */ = {isa = PBXBuildFile; fileRef = 7AAE111822096324005E82DE /* RequestRouter.swift */; };
		7AAE111C220963ED005E82DE /* KeyValueStorage.swift in Sources */ = {isa = PBXBuildFile; fileRef = 7AAE111B220963ED005E82DE /* KeyValueStorage.swift */; };
		7AAE111E22096798005E82DE /* KeychainStorage.swift in Sources */ = {isa = PBXBuildFile; fileRef = 7AAE111D22096798005E82DE /* KeychainStorage.swift */; };
		7AAE112222098784005E82DE /* AbstractModuleBuilder.swift in Sources */ = {isa = PBXBuildFile; fileRef = 7AAE112122098784005E82DE /* AbstractModuleBuilder.swift */; };
		7AAE1126220987E0005E82DE /* AuthAssembler.swift in Sources */ = {isa = PBXBuildFile; fileRef = 7AAE1125220987E0005E82DE /* AuthAssembler.swift */; };
		7AAE1129220989CC005E82DE /* AuthModuleBuilder.swift in Sources */ = {isa = PBXBuildFile; fileRef = 7AAE1128220989CC005E82DE /* AuthModuleBuilder.swift */; };
		7AAE112B2209913A005E82DE /* AppAssembler.swift in Sources */ = {isa = PBXBuildFile; fileRef = 7AAE112A2209913A005E82DE /* AppAssembler.swift */; };
		7AAE112D220994D2005E82DE /* AppBuilder.swift in Sources */ = {isa = PBXBuildFile; fileRef = 7AAE112C220994D2005E82DE /* AppBuilder.swift */; };
		7AAE11302209D13D005E82DE /* AppDelegateProxy.swift in Sources */ = {isa = PBXBuildFile; fileRef = 7AAE112F2209D13D005E82DE /* AppDelegateProxy.swift */; };
		7AAE11322209ED7A005E82DE /* Result.swift in Sources */ = {isa = PBXBuildFile; fileRef = 7AAE11312209ED7A005E82DE /* Result.swift */; };
		7AAE11352209F108005E82DE /* Profile.storyboard in Resources */ = {isa = PBXBuildFile; fileRef = 7AAE11342209F108005E82DE /* Profile.storyboard */; };
		7AAE11372209F15F005E82DE /* ProfileViewController.swift in Sources */ = {isa = PBXBuildFile; fileRef = 7AAE11362209F15F005E82DE /* ProfileViewController.swift */; };
		7AF867412208150E007B7A8F /* AppDelegate.swift in Sources */ = {isa = PBXBuildFile; fileRef = 7AF867402208150E007B7A8F /* AppDelegate.swift */; };
		7AF867482208150F007B7A8F /* Assets.xcassets in Resources */ = {isa = PBXBuildFile; fileRef = 7AF867472208150F007B7A8F /* Assets.xcassets */; };
		7AF8674B2208150F007B7A8F /* LaunchScreen.storyboard in Resources */ = {isa = PBXBuildFile; fileRef = 7AF867492208150F007B7A8F /* LaunchScreen.storyboard */; };
/* End PBXBuildFile section */

/* Begin PBXFileReference section */
		36F47D87210B5EEF93B5DFE7 /* Pods-VK.release.xcconfig */ = {isa = PBXFileReference; includeInIndex = 1; lastKnownFileType = text.xcconfig; name = "Pods-VK.release.xcconfig"; path = "Pods/Target Support Files/Pods-VK/Pods-VK.release.xcconfig"; sourceTree = "<group>"; };
		6673ED0101616AC1AB865514 /* Pods_VK.framework */ = {isa = PBXFileReference; explicitFileType = wrapper.framework; includeInIndex = 0; path = Pods_VK.framework; sourceTree = BUILT_PRODUCTS_DIR; };
		7A0117AF220C940400F02008 /* ResponseCodable.swift */ = {isa = PBXFileReference; fileEncoding = 4; lastKnownFileType = sourcecode.swift; path = ResponseCodable.swift; sourceTree = "<group>"; };
		7A0117B1220C976200F02008 /* AbstractRequestManager.swift */ = {isa = PBXFileReference; fileEncoding = 4; lastKnownFileType = sourcecode.swift; path = AbstractRequestManager.swift; sourceTree = "<group>"; };
		7A0117B5220C994500F02008 /* RequestManager.swift */ = {isa = PBXFileReference; fileEncoding = 4; lastKnownFileType = sourcecode.swift; path = RequestManager.swift; sourceTree = "<group>"; };
		7A0117BB220D850800F02008 /* Friends.swift */ = {isa = PBXFileReference; lastKnownFileType = sourcecode.swift; path = Friends.swift; sourceTree = "<group>"; };
		7A0117BD220D87DC00F02008 /* FriendsRequestManager.swift */ = {isa = PBXFileReference; lastKnownFileType = sourcecode.swift; path = FriendsRequestManager.swift; sourceTree = "<group>"; };
		7A0117C3220D9E9800F02008 /* ProfilePresenter.swift */ = {isa = PBXFileReference; lastKnownFileType = sourcecode.swift; path = ProfilePresenter.swift; sourceTree = "<group>"; };
		7A0117C5220DA4A600F02008 /* ProfileAssembler.swift */ = {isa = PBXFileReference; lastKnownFileType = sourcecode.swift; path = ProfileAssembler.swift; sourceTree = "<group>"; };
		7A0117C7220DA5B300F02008 /* RequestFactoryHelper.swift */ = {isa = PBXFileReference; fileEncoding = 4; lastKnownFileType = sourcecode.swift; path = RequestFactoryHelper.swift; sourceTree = "<group>"; };
		7A0117CA220DA79F00F02008 /* NetworkingAssembler.swift */ = {isa = PBXFileReference; lastKnownFileType = sourcecode.swift; path = NetworkingAssembler.swift; sourceTree = "<group>"; };
		7A0117CC220DAAE900F02008 /* ProfileModuleBuilder.swift */ = {isa = PBXFileReference; lastKnownFileType = sourcecode.swift; path = ProfileModuleBuilder.swift; sourceTree = "<group>"; };
		7A18BD9722085B67000C6417 /* AppConfig.swift */ = {isa = PBXFileReference; lastKnownFileType = sourcecode.swift; path = AppConfig.swift; sourceTree = "<group>"; };
		7AAE10FB22086F49005E82DE /* AbstractCoordinator.swift */ = {isa = PBXFileReference; fileEncoding = 4; lastKnownFileType = sourcecode.swift; path = AbstractCoordinator.swift; sourceTree = "<group>"; };
		7AAE110022086FCE005E82DE /* ProfileCoordinator.swift */ = {isa = PBXFileReference; lastKnownFileType = sourcecode.swift; path = ProfileCoordinator.swift; sourceTree = "<group>"; };
		7AAE11022208706B005E82DE /* AppCoordinator.swift */ = {isa = PBXFileReference; lastKnownFileType = sourcecode.swift; path = AppCoordinator.swift; sourceTree = "<group>"; };
		7AAE1104220872E4005E82DE /* AuthCoordinator.swift */ = {isa = PBXFileReference; lastKnownFileType = sourcecode.swift; path = AuthCoordinator.swift; sourceTree = "<group>"; };
		7AAE110822088C47005E82DE /* Auth.storyboard */ = {isa = PBXFileReference; lastKnownFileType = file.storyboard; path = Auth.storyboard; sourceTree = "<group>"; };
		7AAE110A22088C86005E82DE /* AuthViewController.swift */ = {isa = PBXFileReference; lastKnownFileType = sourcecode.swift; path = AuthViewController.swift; sourceTree = "<group>"; };
		7AAE110D22088E6F005E82DE /* UIStoryboard.swift */ = {isa = PBXFileReference; lastKnownFileType = sourcecode.swift; path = UIStoryboard.swift; sourceTree = "<group>"; };
		7AAE110F22088EB0005E82DE /* Identifable.swift */ = {isa = PBXFileReference; fileEncoding = 4; lastKnownFileType = sourcecode.swift; path = Identifable.swift; sourceTree = "<group>"; };
		7AAE111122088EDC005E82DE /* UIViewController.swift */ = {isa = PBXFileReference; lastKnownFileType = sourcecode.swift; path = UIViewController.swift; sourceTree = "<group>"; };
		7AAE111322095A06005E82DE /* AuthPresenter.swift */ = {isa = PBXFileReference; lastKnownFileType = sourcecode.swift; path = AuthPresenter.swift; sourceTree = "<group>"; };
		7AAE111822096324005E82DE /* RequestRouter.swift */ = {isa = PBXFileReference; lastKnownFileType = sourcecode.swift; path = RequestRouter.swift; sourceTree = "<group>"; };
		7AAE111B220963ED005E82DE /* KeyValueStorage.swift */ = {isa = PBXFileReference; lastKnownFileType = sourcecode.swift; path = KeyValueStorage.swift; sourceTree = "<group>"; };
		7AAE111D22096798005E82DE /* KeychainStorage.swift */ = {isa = PBXFileReference; lastKnownFileType = sourcecode.swift; path = KeychainStorage.swift; sourceTree = "<group>"; };
		7AAE112122098784005E82DE /* AbstractModuleBuilder.swift */ = {isa = PBXFileReference; fileEncoding = 4; lastKnownFileType = sourcecode.swift; path = AbstractModuleBuilder.swift; sourceTree = "<group>"; };
		7AAE1125220987E0005E82DE /* AuthAssembler.swift */ = {isa = PBXFileReference; lastKnownFileType = sourcecode.swift; path = AuthAssembler.swift; sourceTree = "<group>"; };
		7AAE1128220989CC005E82DE /* AuthModuleBuilder.swift */ = {isa = PBXFileReference; lastKnownFileType = sourcecode.swift; path = AuthModuleBuilder.swift; sourceTree = "<group>"; };
		7AAE112A2209913A005E82DE /* AppAssembler.swift */ = {isa = PBXFileReference; lastKnownFileType = sourcecode.swift; path = AppAssembler.swift; sourceTree = "<group>"; };
		7AAE112C220994D2005E82DE /* AppBuilder.swift */ = {isa = PBXFileReference; lastKnownFileType = sourcecode.swift; path = AppBuilder.swift; sourceTree = "<group>"; };
		7AAE112F2209D13D005E82DE /* AppDelegateProxy.swift */ = {isa = PBXFileReference; lastKnownFileType = sourcecode.swift; path = AppDelegateProxy.swift; sourceTree = "<group>"; };
		7AAE11312209ED7A005E82DE /* Result.swift */ = {isa = PBXFileReference; lastKnownFileType = sourcecode.swift; path = Result.swift; sourceTree = "<group>"; };
		7AAE11342209F108005E82DE /* Profile.storyboard */ = {isa = PBXFileReference; lastKnownFileType = file.storyboard; path = Profile.storyboard; sourceTree = "<group>"; };
		7AAE11362209F15F005E82DE /* ProfileViewController.swift */ = {isa = PBXFileReference; lastKnownFileType = sourcecode.swift; path = ProfileViewController.swift; sourceTree = "<group>"; };
		7AF8673D2208150E007B7A8F /* VK.app */ = {isa = PBXFileReference; explicitFileType = wrapper.application; includeInIndex = 0; path = VK.app; sourceTree = BUILT_PRODUCTS_DIR; };
		7AF867402208150E007B7A8F /* AppDelegate.swift */ = {isa = PBXFileReference; lastKnownFileType = sourcecode.swift; path = AppDelegate.swift; sourceTree = "<group>"; };
		7AF867472208150F007B7A8F /* Assets.xcassets */ = {isa = PBXFileReference; lastKnownFileType = folder.assetcatalog; path = Assets.xcassets; sourceTree = "<group>"; };
		7AF8674A2208150F007B7A8F /* Base */ = {isa = PBXFileReference; lastKnownFileType = file.storyboard; name = Base; path = Base.lproj/LaunchScreen.storyboard; sourceTree = "<group>"; };
		7AF8674C2208150F007B7A8F /* Info.plist */ = {isa = PBXFileReference; lastKnownFileType = text.plist.xml; path = Info.plist; sourceTree = "<group>"; };
		914C7D9D06E8C71A48E9E5DA /* Pods-VK.debug.xcconfig */ = {isa = PBXFileReference; includeInIndex = 1; lastKnownFileType = text.xcconfig; name = "Pods-VK.debug.xcconfig"; path = "Pods/Target Support Files/Pods-VK/Pods-VK.debug.xcconfig"; sourceTree = "<group>"; };
/* End PBXFileReference section */

/* Begin PBXFrameworksBuildPhase section */
		7AF8673A2208150E007B7A8F /* Frameworks */ = {
			isa = PBXFrameworksBuildPhase;
			buildActionMask = 2147483647;
			files = (
				5AADD2ED5FAB7BDAD76170ED /* Pods_VK.framework in Frameworks */,
			);
			runOnlyForDeploymentPostprocessing = 0;
		};
/* End PBXFrameworksBuildPhase section */

/* Begin PBXGroup section */
		297B6544D3B7078818D395EE /* Frameworks */ = {
			isa = PBXGroup;
			children = (
				6673ED0101616AC1AB865514 /* Pods_VK.framework */,
			);
			name = Frameworks;
			sourceTree = "<group>";
		};
		696C5596AC3565B977EA32E8 /* Pods */ = {
			isa = PBXGroup;
			children = (
				914C7D9D06E8C71A48E9E5DA /* Pods-VK.debug.xcconfig */,
				36F47D87210B5EEF93B5DFE7 /* Pods-VK.release.xcconfig */,
			);
			name = Pods;
			sourceTree = "<group>";
		};
		7A0117B3220C990700F02008 /* Network */ = {
			isa = PBXGroup;
			children = (
				7A0117B5220C994500F02008 /* RequestManager.swift */,
				7A0117B8220D82ED00F02008 /* Friends */,
			);
			path = Network;
			sourceTree = "<group>";
		};
		7A0117B8220D82ED00F02008 /* Friends */ = {
			isa = PBXGroup;
			children = (
				7A0117BB220D850800F02008 /* Friends.swift */,
				7A0117BD220D87DC00F02008 /* FriendsRequestManager.swift */,
			);
			path = Friends;
			sourceTree = "<group>";
		};
		7A0117C9220DA5B800F02008 /* Helper */ = {
			isa = PBXGroup;
			children = (
				7A0117C7220DA5B300F02008 /* RequestFactoryHelper.swift */,
			);
			path = Helper;
			sourceTree = "<group>";
		};
		7A18BD93220858A5000C6417 /* Resources */ = {
			isa = PBXGroup;
			children = (
				7AF867472208150F007B7A8F /* Assets.xcassets */,
				7AF867492208150F007B7A8F /* LaunchScreen.storyboard */,
				7AF8674C2208150F007B7A8F /* Info.plist */,
				7A18BD9722085B67000C6417 /* AppConfig.swift */,
			);
			path = Resources;
			sourceTree = "<group>";
		};
		7A18BD94220858DC000C6417 /* AppDelegate */ = {
			isa = PBXGroup;
			children = (
				7AAE112E2209D0F7005E82DE /* AppBuilder */,
				7AF867402208150E007B7A8F /* AppDelegate.swift */,
				7AAE11022208706B005E82DE /* AppCoordinator.swift */,
			);
			path = AppDelegate;
			sourceTree = "<group>";
		};
		7A18BD95220858EB000C6417 /* Flow */ = {
			isa = PBXGroup;
			children = (
				7AAE110722088C2B005E82DE /* Auth */,
				7AAE11332209F0C5005E82DE /* Profile */,
			);
			path = Flow;
			sourceTree = "<group>";
		};
		7A18BD9622085972000C6417 /* Core */ = {
			isa = PBXGroup;
			children = (
				7A0117C9220DA5B800F02008 /* Helper */,
				7AAE110F22088EB0005E82DE /* Identifable.swift */,
				7AAE110C22088E5B005E82DE /* Extensions */,
				7AAE10FA22086F33005E82DE /* Navigation */,
				7AAE1117220962E3005E82DE /* Networking */,
				7AAE11312209ED7A005E82DE /* Result.swift */,
			);
			path = Core;
			sourceTree = "<group>";
		};
		7AAE10FA22086F33005E82DE /* Navigation */ = {
			isa = PBXGroup;
			children = (
				7AAE10FB22086F49005E82DE /* AbstractCoordinator.swift */,
			);
			path = Navigation;
			sourceTree = "<group>";
		};
		7AAE110722088C2B005E82DE /* Auth */ = {
			isa = PBXGroup;
			children = (
				7AAE110822088C47005E82DE /* Auth.storyboard */,
				7AAE1128220989CC005E82DE /* AuthModuleBuilder.swift */,
				7AAE110A22088C86005E82DE /* AuthViewController.swift */,
				7AAE111322095A06005E82DE /* AuthPresenter.swift */,
				7AAE1104220872E4005E82DE /* AuthCoordinator.swift */,
			);
			path = Auth;
			sourceTree = "<group>";
		};
		7AAE110C22088E5B005E82DE /* Extensions */ = {
			isa = PBXGroup;
			children = (
				7AAE110D22088E6F005E82DE /* UIStoryboard.swift */,
				7AAE111122088EDC005E82DE /* UIViewController.swift */,
			);
			path = Extensions;
			sourceTree = "<group>";
		};
		7AAE1116220962A7005E82DE /* Business */ = {
			isa = PBXGroup;
			children = (
				7A0117B3220C990700F02008 /* Network */,
				7AAE111A220963C2005E82DE /* Storage */,
			);
			path = Business;
			sourceTree = "<group>";
		};
		7AAE1117220962E3005E82DE /* Networking */ = {
			isa = PBXGroup;
			children = (
				7A0117AF220C940400F02008 /* ResponseCodable.swift */,
				7A0117B1220C976200F02008 /* AbstractRequestManager.swift */,
				7AAE111822096324005E82DE /* RequestRouter.swift */,
			);
			path = Networking;
			sourceTree = "<group>";
		};
		7AAE111A220963C2005E82DE /* Storage */ = {
			isa = PBXGroup;
			children = (
				7AAE111B220963ED005E82DE /* KeyValueStorage.swift */,
				7AAE111D22096798005E82DE /* KeychainStorage.swift */,
			);
			path = Storage;
			sourceTree = "<group>";
		};
		7AAE112322098790005E82DE /* Assembly */ = {
			isa = PBXGroup;
			children = (
				7AAE1124220987BC005E82DE /* Assemblers */,
				7AAE112122098784005E82DE /* AbstractModuleBuilder.swift */,
			);
			path = Assembly;
			sourceTree = "<group>";
		};
		7AAE1124220987BC005E82DE /* Assemblers */ = {
			isa = PBXGroup;
			children = (
				7AAE112A2209913A005E82DE /* AppAssembler.swift */,
				7A0117CA220DA79F00F02008 /* NetworkingAssembler.swift */,
				7AAE1125220987E0005E82DE /* AuthAssembler.swift */,
				7A0117C5220DA4A600F02008 /* ProfileAssembler.swift */,
			);
			path = Assemblers;
			sourceTree = "<group>";
		};
		7AAE112E2209D0F7005E82DE /* AppBuilder */ = {
			isa = PBXGroup;
			children = (
				7AAE112C220994D2005E82DE /* AppBuilder.swift */,
				7AAE112F2209D13D005E82DE /* AppDelegateProxy.swift */,
			);
			path = AppBuilder;
			sourceTree = "<group>";
		};
		7AAE11332209F0C5005E82DE /* Profile */ = {
			isa = PBXGroup;
			children = (
				7AAE11342209F108005E82DE /* Profile.storyboard */,
				7A0117CC220DAAE900F02008 /* ProfileModuleBuilder.swift */,
				7AAE11362209F15F005E82DE /* ProfileViewController.swift */,
				7A0117C3220D9E9800F02008 /* ProfilePresenter.swift */,
				7AAE110022086FCE005E82DE /* ProfileCoordinator.swift */,
			);
			path = Profile;
			sourceTree = "<group>";
		};
		7AF867342208150E007B7A8F = {
			isa = PBXGroup;
			children = (
				7AF8673F2208150E007B7A8F /* VK */,
				7AF8673E2208150E007B7A8F /* Products */,
				696C5596AC3565B977EA32E8 /* Pods */,
				297B6544D3B7078818D395EE /* Frameworks */,
			);
			sourceTree = "<group>";
		};
		7AF8673E2208150E007B7A8F /* Products */ = {
			isa = PBXGroup;
			children = (
				7AF8673D2208150E007B7A8F /* VK.app */,
			);
			name = Products;
			sourceTree = "<group>";
		};
		7AF8673F2208150E007B7A8F /* VK */ = {
			isa = PBXGroup;
			children = (
				7AAE112322098790005E82DE /* Assembly */,
				7A18BD94220858DC000C6417 /* AppDelegate */,
				7AAE1116220962A7005E82DE /* Business */,
				7A18BD95220858EB000C6417 /* Flow */,
				7A18BD9622085972000C6417 /* Core */,
				7A18BD93220858A5000C6417 /* Resources */,
			);
			path = VK;
			sourceTree = "<group>";
		};
/* End PBXGroup section */

/* Begin PBXNativeTarget section */
		7AF8673C2208150E007B7A8F /* VK */ = {
			isa = PBXNativeTarget;
			buildConfigurationList = 7AF8674F2208150F007B7A8F /* Build configuration list for PBXNativeTarget "VK" */;
			buildPhases = (
				38333283B2EA2A00869081EC /* [CP] Check Pods Manifest.lock */,
				7AF867392208150E007B7A8F /* Sources */,
				7AF8673A2208150E007B7A8F /* Frameworks */,
				7AF8673B2208150E007B7A8F /* Resources */,
				D002DBF0AACCF4A82E8F5539 /* [CP] Embed Pods Frameworks */,
			);
			buildRules = (
			);
			dependencies = (
			);
			name = VK;
			productName = VK;
			productReference = 7AF8673D2208150E007B7A8F /* VK.app */;
			productType = "com.apple.product-type.application";
		};
/* End PBXNativeTarget section */

/* Begin PBXProject section */
		7AF867352208150E007B7A8F /* Project object */ = {
			isa = PBXProject;
			attributes = {
				LastSwiftUpdateCheck = 1010;
				LastUpgradeCheck = 1010;
				ORGANIZATIONNAME = "Евгений Бижанов";
				TargetAttributes = {
					7AF8673C2208150E007B7A8F = {
						CreatedOnToolsVersion = 10.1;
					};
				};
			};
			buildConfigurationList = 7AF867382208150E007B7A8F /* Build configuration list for PBXProject "VK" */;
			compatibilityVersion = "Xcode 9.3";
			developmentRegion = en;
			hasScannedForEncodings = 0;
			knownRegions = (
				en,
				Base,
			);
			mainGroup = 7AF867342208150E007B7A8F;
			productRefGroup = 7AF8673E2208150E007B7A8F /* Products */;
			projectDirPath = "";
			projectRoot = "";
			targets = (
				7AF8673C2208150E007B7A8F /* VK */,
			);
		};
/* End PBXProject section */

/* Begin PBXResourcesBuildPhase section */
		7AF8673B2208150E007B7A8F /* Resources */ = {
			isa = PBXResourcesBuildPhase;
			buildActionMask = 2147483647;
			files = (
				7AAE110922088C47005E82DE /* Auth.storyboard in Resources */,
				7AF8674B2208150F007B7A8F /* LaunchScreen.storyboard in Resources */,
				7AAE11352209F108005E82DE /* Profile.storyboard in Resources */,
				7AF867482208150F007B7A8F /* Assets.xcassets in Resources */,
			);
			runOnlyForDeploymentPostprocessing = 0;
		};
/* End PBXResourcesBuildPhase section */

/* Begin PBXShellScriptBuildPhase section */
		38333283B2EA2A00869081EC /* [CP] Check Pods Manifest.lock */ = {
			isa = PBXShellScriptBuildPhase;
			buildActionMask = 2147483647;
			files = (
			);
			inputFileListPaths = (
			);
			inputPaths = (
				"${PODS_PODFILE_DIR_PATH}/Podfile.lock",
				"${PODS_ROOT}/Manifest.lock",
			);
			name = "[CP] Check Pods Manifest.lock";
			outputFileListPaths = (
			);
			outputPaths = (
				"$(DERIVED_FILE_DIR)/Pods-VK-checkManifestLockResult.txt",
			);
			runOnlyForDeploymentPostprocessing = 0;
			shellPath = /bin/sh;
			shellScript = "diff \"${PODS_PODFILE_DIR_PATH}/Podfile.lock\" \"${PODS_ROOT}/Manifest.lock\" > /dev/null\nif [ $? != 0 ] ; then\n    # print error to STDERR\n    echo \"error: The sandbox is not in sync with the Podfile.lock. Run 'pod install' or update your CocoaPods installation.\" >&2\n    exit 1\nfi\n# This output is used by Xcode 'outputs' to avoid re-running this script phase.\necho \"SUCCESS\" > \"${SCRIPT_OUTPUT_FILE_0}\"\n";
			showEnvVarsInLog = 0;
		};
		D002DBF0AACCF4A82E8F5539 /* [CP] Embed Pods Frameworks */ = {
			isa = PBXShellScriptBuildPhase;
			buildActionMask = 2147483647;
			files = (
			);
			inputFileListPaths = (
			);
			inputPaths = (
				"${SRCROOT}/Pods/Target Support Files/Pods-VK/Pods-VK-frameworks.sh",
				"${BUILT_PRODUCTS_DIR}/Alamofire/Alamofire.framework",
				"${BUILT_PRODUCTS_DIR}/KeychainAccess/KeychainAccess.framework",
				"${BUILT_PRODUCTS_DIR}/Swinject/Swinject.framework",
			);
			name = "[CP] Embed Pods Frameworks";
			outputFileListPaths = (
			);
			outputPaths = (
				"${TARGET_BUILD_DIR}/${FRAMEWORKS_FOLDER_PATH}/Alamofire.framework",
				"${TARGET_BUILD_DIR}/${FRAMEWORKS_FOLDER_PATH}/KeychainAccess.framework",
				"${TARGET_BUILD_DIR}/${FRAMEWORKS_FOLDER_PATH}/Swinject.framework",
			);
			runOnlyForDeploymentPostprocessing = 0;
			shellPath = /bin/sh;
			shellScript = "\"${SRCROOT}/Pods/Target Support Files/Pods-VK/Pods-VK-frameworks.sh\"\n";
			showEnvVarsInLog = 0;
		};
/* End PBXShellScriptBuildPhase section */

/* Begin PBXSourcesBuildPhase section */
		7AF867392208150E007B7A8F /* Sources */ = {
			isa = PBXSourcesBuildPhase;
			buildActionMask = 2147483647;
			files = (
				7AAE11302209D13D005E82DE /* AppDelegateProxy.swift in Sources */,
				7AF867412208150E007B7A8F /* AppDelegate.swift in Sources */,
				7A0117B0220C940400F02008 /* ResponseCodable.swift in Sources */,
				7AAE110122086FCE005E82DE /* ProfileCoordinator.swift in Sources */,
				7AAE11032208706B005E82DE /* AppCoordinator.swift in Sources */,
				7A0117BE220D87DC00F02008 /* FriendsRequestManager.swift in Sources */,
				7AAE112D220994D2005E82DE /* AppBuilder.swift in Sources */,
				7AAE110B22088C86005E82DE /* AuthViewController.swift in Sources */,
				7A0117CB220DA79F00F02008 /* NetworkingAssembler.swift in Sources */,
				7A0117B2220C976200F02008 /* AbstractRequestManager.swift in Sources */,
				7AAE11372209F15F005E82DE /* ProfileViewController.swift in Sources */,
				7A0117C6220DA4A600F02008 /* ProfileAssembler.swift in Sources */,
				7AAE111222088EDC005E82DE /* UIViewController.swift in Sources */,
				7AAE1126220987E0005E82DE /* AuthAssembler.swift in Sources */,
				7AAE111422095A06005E82DE /* AuthPresenter.swift in Sources */,
				7AAE112222098784005E82DE /* AbstractModuleBuilder.swift in Sources */,
				7AAE1129220989CC005E82DE /* AuthModuleBuilder.swift in Sources */,
				7A0117BC220D850800F02008 /* Friends.swift in Sources */,
				7AAE110E22088E6F005E82DE /* UIStoryboard.swift in Sources */,
				7A0117CD220DAAE900F02008 /* ProfileModuleBuilder.swift in Sources */,
				7A0117B7220C994500F02008 /* RequestManager.swift in Sources */,
				7AAE111022088EB0005E82DE /* Identifable.swift in Sources */,
				7AAE111922096324005E82DE /* RequestRouter.swift in Sources */,
				7A0117C4220D9E9800F02008 /* ProfilePresenter.swift in Sources */,
				7A0117C8220DA5B300F02008 /* RequestFactoryHelper.swift in Sources */,
				7A18BD9822085B67000C6417 /* AppConfig.swift in Sources */,
				7AAE111C220963ED005E82DE /* KeyValueStorage.swift in Sources */,
				7AAE111E22096798005E82DE /* KeychainStorage.swift in Sources */,
				7AAE112B2209913A005E82DE /* AppAssembler.swift in Sources */,
				7AAE11322209ED7A005E82DE /* Result.swift in Sources */,
				7AAE1105220872E4005E82DE /* AuthCoordinator.swift in Sources */,
				7AAE10FC22086F49005E82DE /* AbstractCoordinator.swift in Sources */,
			);
			runOnlyForDeploymentPostprocessing = 0;
		};
/* End PBXSourcesBuildPhase section */

/* Begin PBXVariantGroup section */
		7AF867492208150F007B7A8F /* LaunchScreen.storyboard */ = {
			isa = PBXVariantGroup;
			children = (
				7AF8674A2208150F007B7A8F /* Base */,
			);
			name = LaunchScreen.storyboard;
			sourceTree = "<group>";
		};
/* End PBXVariantGroup section */

/* Begin XCBuildConfiguration section */
		7AF8674D2208150F007B7A8F /* Debug */ = {
			isa = XCBuildConfiguration;
			buildSettings = {
				ALWAYS_SEARCH_USER_PATHS = NO;
				CLANG_ANALYZER_NONNULL = YES;
				CLANG_ANALYZER_NUMBER_OBJECT_CONVERSION = YES_AGGRESSIVE;
				CLANG_CXX_LANGUAGE_STANDARD = "gnu++14";
				CLANG_CXX_LIBRARY = "libc++";
				CLANG_ENABLE_MODULES = YES;
				CLANG_ENABLE_OBJC_ARC = YES;
				CLANG_ENABLE_OBJC_WEAK = YES;
				CLANG_WARN_BLOCK_CAPTURE_AUTORELEASING = YES;
				CLANG_WARN_BOOL_CONVERSION = YES;
				CLANG_WARN_COMMA = YES;
				CLANG_WARN_CONSTANT_CONVERSION = YES;
				CLANG_WARN_DEPRECATED_OBJC_IMPLEMENTATIONS = YES;
				CLANG_WARN_DIRECT_OBJC_ISA_USAGE = YES_ERROR;
				CLANG_WARN_DOCUMENTATION_COMMENTS = YES;
				CLANG_WARN_EMPTY_BODY = YES;
				CLANG_WARN_ENUM_CONVERSION = YES;
				CLANG_WARN_INFINITE_RECURSION = YES;
				CLANG_WARN_INT_CONVERSION = YES;
				CLANG_WARN_NON_LITERAL_NULL_CONVERSION = YES;
				CLANG_WARN_OBJC_IMPLICIT_RETAIN_SELF = YES;
				CLANG_WARN_OBJC_LITERAL_CONVERSION = YES;
				CLANG_WARN_OBJC_ROOT_CLASS = YES_ERROR;
				CLANG_WARN_RANGE_LOOP_ANALYSIS = YES;
				CLANG_WARN_STRICT_PROTOTYPES = YES;
				CLANG_WARN_SUSPICIOUS_MOVE = YES;
				CLANG_WARN_UNGUARDED_AVAILABILITY = YES_AGGRESSIVE;
				CLANG_WARN_UNREACHABLE_CODE = YES;
				CLANG_WARN__DUPLICATE_METHOD_MATCH = YES;
				CODE_SIGN_IDENTITY = "iPhone Developer";
				COPY_PHASE_STRIP = NO;
				DEBUG_INFORMATION_FORMAT = dwarf;
				ENABLE_STRICT_OBJC_MSGSEND = YES;
				ENABLE_TESTABILITY = YES;
				GCC_C_LANGUAGE_STANDARD = gnu11;
				GCC_DYNAMIC_NO_PIC = NO;
				GCC_NO_COMMON_BLOCKS = YES;
				GCC_OPTIMIZATION_LEVEL = 0;
				GCC_PREPROCESSOR_DEFINITIONS = (
					"DEBUG=1",
					"$(inherited)",
				);
				GCC_WARN_64_TO_32_BIT_CONVERSION = YES;
				GCC_WARN_ABOUT_RETURN_TYPE = YES_ERROR;
				GCC_WARN_UNDECLARED_SELECTOR = YES;
				GCC_WARN_UNINITIALIZED_AUTOS = YES_AGGRESSIVE;
				GCC_WARN_UNUSED_FUNCTION = YES;
				GCC_WARN_UNUSED_VARIABLE = YES;
				IPHONEOS_DEPLOYMENT_TARGET = 12.1;
				MTL_ENABLE_DEBUG_INFO = INCLUDE_SOURCE;
				MTL_FAST_MATH = YES;
				ONLY_ACTIVE_ARCH = YES;
				SDKROOT = iphoneos;
				SWIFT_ACTIVE_COMPILATION_CONDITIONS = DEBUG;
				SWIFT_OPTIMIZATION_LEVEL = "-Onone";
			};
			name = Debug;
		};
		7AF8674E2208150F007B7A8F /* Release */ = {
			isa = XCBuildConfiguration;
			buildSettings = {
				ALWAYS_SEARCH_USER_PATHS = NO;
				CLANG_ANALYZER_NONNULL = YES;
				CLANG_ANALYZER_NUMBER_OBJECT_CONVERSION = YES_AGGRESSIVE;
				CLANG_CXX_LANGUAGE_STANDARD = "gnu++14";
				CLANG_CXX_LIBRARY = "libc++";
				CLANG_ENABLE_MODULES = YES;
				CLANG_ENABLE_OBJC_ARC = YES;
				CLANG_ENABLE_OBJC_WEAK = YES;
				CLANG_WARN_BLOCK_CAPTURE_AUTORELEASING = YES;
				CLANG_WARN_BOOL_CONVERSION = YES;
				CLANG_WARN_COMMA = YES;
				CLANG_WARN_CONSTANT_CONVERSION = YES;
				CLANG_WARN_DEPRECATED_OBJC_IMPLEMENTATIONS = YES;
				CLANG_WARN_DIRECT_OBJC_ISA_USAGE = YES_ERROR;
				CLANG_WARN_DOCUMENTATION_COMMENTS = YES;
				CLANG_WARN_EMPTY_BODY = YES;
				CLANG_WARN_ENUM_CONVERSION = YES;
				CLANG_WARN_INFINITE_RECURSION = YES;
				CLANG_WARN_INT_CONVERSION = YES;
				CLANG_WARN_NON_LITERAL_NULL_CONVERSION = YES;
				CLANG_WARN_OBJC_IMPLICIT_RETAIN_SELF = YES;
				CLANG_WARN_OBJC_LITERAL_CONVERSION = YES;
				CLANG_WARN_OBJC_ROOT_CLASS = YES_ERROR;
				CLANG_WARN_RANGE_LOOP_ANALYSIS = YES;
				CLANG_WARN_STRICT_PROTOTYPES = YES;
				CLANG_WARN_SUSPICIOUS_MOVE = YES;
				CLANG_WARN_UNGUARDED_AVAILABILITY = YES_AGGRESSIVE;
				CLANG_WARN_UNREACHABLE_CODE = YES;
				CLANG_WARN__DUPLICATE_METHOD_MATCH = YES;
				CODE_SIGN_IDENTITY = "iPhone Developer";
				COPY_PHASE_STRIP = NO;
				DEBUG_INFORMATION_FORMAT = "dwarf-with-dsym";
				ENABLE_NS_ASSERTIONS = NO;
				ENABLE_STRICT_OBJC_MSGSEND = YES;
				GCC_C_LANGUAGE_STANDARD = gnu11;
				GCC_NO_COMMON_BLOCKS = YES;
				GCC_WARN_64_TO_32_BIT_CONVERSION = YES;
				GCC_WARN_ABOUT_RETURN_TYPE = YES_ERROR;
				GCC_WARN_UNDECLARED_SELECTOR = YES;
				GCC_WARN_UNINITIALIZED_AUTOS = YES_AGGRESSIVE;
				GCC_WARN_UNUSED_FUNCTION = YES;
				GCC_WARN_UNUSED_VARIABLE = YES;
				IPHONEOS_DEPLOYMENT_TARGET = 12.1;
				MTL_ENABLE_DEBUG_INFO = NO;
				MTL_FAST_MATH = YES;
				SDKROOT = iphoneos;
				SWIFT_COMPILATION_MODE = wholemodule;
				SWIFT_OPTIMIZATION_LEVEL = "-O";
				VALIDATE_PRODUCT = YES;
			};
			name = Release;
		};
		7AF867502208150F007B7A8F /* Debug */ = {
			isa = XCBuildConfiguration;
			baseConfigurationReference = 914C7D9D06E8C71A48E9E5DA /* Pods-VK.debug.xcconfig */;
			buildSettings = {
				ASSETCATALOG_COMPILER_APPICON_NAME = AppIcon;
				CODE_SIGN_STYLE = Automatic;
				DEVELOPMENT_TEAM = 6TZ3MZ977X;
				INFOPLIST_FILE = VK/Resources/Info.plist;
				LD_RUNPATH_SEARCH_PATHS = (
					"$(inherited)",
					"@executable_path/Frameworks",
				);
				PRODUCT_BUNDLE_IDENTIFIER = com.bizhanov.VK;
				PRODUCT_NAME = "$(TARGET_NAME)";
				SWIFT_VERSION = 4.2;
				TARGETED_DEVICE_FAMILY = "1,2";
			};
			name = Debug;
		};
		7AF867512208150F007B7A8F /* Release */ = {
			isa = XCBuildConfiguration;
			baseConfigurationReference = 36F47D87210B5EEF93B5DFE7 /* Pods-VK.release.xcconfig */;
			buildSettings = {
				ASSETCATALOG_COMPILER_APPICON_NAME = AppIcon;
				CODE_SIGN_STYLE = Automatic;
				DEVELOPMENT_TEAM = 6TZ3MZ977X;
				INFOPLIST_FILE = VK/Resources/Info.plist;
				LD_RUNPATH_SEARCH_PATHS = (
					"$(inherited)",
					"@executable_path/Frameworks",
				);
				PRODUCT_BUNDLE_IDENTIFIER = com.bizhanov.VK;
				PRODUCT_NAME = "$(TARGET_NAME)";
				SWIFT_VERSION = 4.2;
				TARGETED_DEVICE_FAMILY = "1,2";
			};
			name = Release;
		};
/* End XCBuildConfiguration section */

/* Begin XCConfigurationList section */
		7AF867382208150E007B7A8F /* Build configuration list for PBXProject "VK" */ = {
			isa = XCConfigurationList;
			buildConfigurations = (
				7AF8674D2208150F007B7A8F /* Debug */,
				7AF8674E2208150F007B7A8F /* Release */,
			);
			defaultConfigurationIsVisible = 0;
			defaultConfigurationName = Release;
		};
		7AF8674F2208150F007B7A8F /* Build configuration list for PBXNativeTarget "VK" */ = {
			isa = XCConfigurationList;
			buildConfigurations = (
				7AF867502208150F007B7A8F /* Debug */,
				7AF867512208150F007B7A8F /* Release */,
			);
			defaultConfigurationIsVisible = 0;
			defaultConfigurationName = Release;
		};
/* End XCConfigurationList section */
	};
	rootObject = 7AF867352208150E007B7A8F /* Project object */;
}
